// !$*UTF8*$!
{
	archiveVersion = 1;
	classes = {
	};
	objectVersion = 51;
	objects = {

/* Begin PBXBuildFile section */
		A8F0758D66E21090A861D60A /* Pods_doglistTests.framework in Frameworks */ = {isa = PBXBuildFile; fileRef = 3ECE614C5DD21A6681E22818 /* Pods_doglistTests.framework */; };
		DBAFE5BF75F0AAAE95C85696 /* Pods_doglist.framework in Frameworks */ = {isa = PBXBuildFile; fileRef = 7C00A8BEB13C5A59A296A119 /* Pods_doglist.framework */; };
		FD4348FA22992C9000AB6AEA /* DogPhotoListProvider.swift in Sources */ = {isa = PBXBuildFile; fileRef = FD4348F922992C9000AB6AEA /* DogPhotoListProvider.swift */; };
		FD43490322998C5500AB6AEA /* LoginInteractorTests.swift in Sources */ = {isa = PBXBuildFile; fileRef = FD43490222998C5500AB6AEA /* LoginInteractorTests.swift */; };
		FD43490722999A4600AB6AEA /* LoginPresenterTests.swift in Sources */ = {isa = PBXBuildFile; fileRef = FD43490622999A4600AB6AEA /* LoginPresenterTests.swift */; };
		FD4349092299A33400AB6AEA /* DogPhotoListInteractorTests.swift in Sources */ = {isa = PBXBuildFile; fileRef = FD4349082299A33400AB6AEA /* DogPhotoListInteractorTests.swift */; };
		FD43490B2299A36400AB6AEA /* DogPhotoListPresenterTests.swift in Sources */ = {isa = PBXBuildFile; fileRef = FD43490A2299A36400AB6AEA /* DogPhotoListPresenterTests.swift */; };
		FD43490D2299AF6500AB6AEA /* DogBreedListInteractorTests.swift in Sources */ = {isa = PBXBuildFile; fileRef = FD43490C2299AF6500AB6AEA /* DogBreedListInteractorTests.swift */; };
		FD43490F2299AF7C00AB6AEA /* DogBreedListPresenterTests.swift in Sources */ = {isa = PBXBuildFile; fileRef = FD43490E2299AF7C00AB6AEA /* DogBreedListPresenterTests.swift */; };
		FDB2384E2299B39F0080AB67 /* LoginProviderTests.swift in Sources */ = {isa = PBXBuildFile; fileRef = FDB2384D2299B39F0080AB67 /* LoginProviderTests.swift */; };
		FDB238502299B4B10080AB67 /* DogPhotoListProviderTests.swift in Sources */ = {isa = PBXBuildFile; fileRef = FDB2384F2299B4B10080AB67 /* DogPhotoListProviderTests.swift */; };
		FDB238532299B8380080AB67 /* DogErrorsTest.swift in Sources */ = {isa = PBXBuildFile; fileRef = FDB238522299B8380080AB67 /* DogErrorsTest.swift */; };
		FDB238552299B87E0080AB67 /* general.strings in Resources */ = {isa = PBXBuildFile; fileRef = FDB238542299B87E0080AB67 /* general.strings */; };
		FDCE95432298D47F00A82CFB /* AppDelegate.swift in Sources */ = {isa = PBXBuildFile; fileRef = FDCE95422298D47F00A82CFB /* AppDelegate.swift */; };
		FDCE95482298D47F00A82CFB /* Main.storyboard in Resources */ = {isa = PBXBuildFile; fileRef = FDCE95462298D47F00A82CFB /* Main.storyboard */; };
		FDCE954A2298D48100A82CFB /* Assets.xcassets in Resources */ = {isa = PBXBuildFile; fileRef = FDCE95492298D48100A82CFB /* Assets.xcassets */; };
		FDCE954D2298D48100A82CFB /* LaunchScreen.storyboard in Resources */ = {isa = PBXBuildFile; fileRef = FDCE954B2298D48100A82CFB /* LaunchScreen.storyboard */; };
		FDCE95742298DB4400A82CFB /* RequestProvider.swift in Sources */ = {isa = PBXBuildFile; fileRef = FDCE95732298DB4400A82CFB /* RequestProvider.swift */; };
		FDCE95762298DB4C00A82CFB /* ServiceProvider.swift in Sources */ = {isa = PBXBuildFile; fileRef = FDCE95752298DB4C00A82CFB /* ServiceProvider.swift */; };
		FDCE95782298DB5500A82CFB /* DogErrors.swift in Sources */ = {isa = PBXBuildFile; fileRef = FDCE95772298DB5500A82CFB /* DogErrors.swift */; };
		FDCE957F2298DCE300A82CFB /* LoginPresenter.swift in Sources */ = {isa = PBXBuildFile; fileRef = FDCE95792298DCE300A82CFB /* LoginPresenter.swift */; };
		FDCE95802298DCE300A82CFB /* LoginWorker.swift in Sources */ = {isa = PBXBuildFile; fileRef = FDCE957A2298DCE300A82CFB /* LoginWorker.swift */; };
		FDCE95812298DCE300A82CFB /* LoginRouter.swift in Sources */ = {isa = PBXBuildFile; fileRef = FDCE957B2298DCE300A82CFB /* LoginRouter.swift */; };
		FDCE95822298DCE300A82CFB /* LoginModels.swift in Sources */ = {isa = PBXBuildFile; fileRef = FDCE957C2298DCE300A82CFB /* LoginModels.swift */; };
		FDCE95832298DCE300A82CFB /* LoginViewController.swift in Sources */ = {isa = PBXBuildFile; fileRef = FDCE957D2298DCE300A82CFB /* LoginViewController.swift */; };
		FDCE95842298DCE300A82CFB /* LoginInteractor.swift in Sources */ = {isa = PBXBuildFile; fileRef = FDCE957E2298DCE300A82CFB /* LoginInteractor.swift */; };
		FDCE95872298E0B400A82CFB /* Bundle.swift in Sources */ = {isa = PBXBuildFile; fileRef = FDCE95862298E0B400A82CFB /* Bundle.swift */; };
		FDCE95892298E26B00A82CFB /* HttpVerb.swift in Sources */ = {isa = PBXBuildFile; fileRef = FDCE95882298E26B00A82CFB /* HttpVerb.swift */; };
		FDCE958B2298E96400A82CFB /* Encodable.swift in Sources */ = {isa = PBXBuildFile; fileRef = FDCE958A2298E96400A82CFB /* Encodable.swift */; };
		FDCE958E2298FE4B00A82CFB /* LoginProvider.swift in Sources */ = {isa = PBXBuildFile; fileRef = FDCE958D2298FE4B00A82CFB /* LoginProvider.swift */; };
		FDCE95912299056C00A82CFB /* R.generated.swift in Sources */ = {isa = PBXBuildFile; fileRef = FDCE95902299056B00A82CFB /* R.generated.swift */; };
		FDCE95942299058C00A82CFB /* Login.strings in Resources */ = {isa = PBXBuildFile; fileRef = FDCE95932299058C00A82CFB /* Login.strings */; };
		FDCE959D229916E300A82CFB /* DogPhotoListPresenter.swift in Sources */ = {isa = PBXBuildFile; fileRef = FDCE9597229916E300A82CFB /* DogPhotoListPresenter.swift */; };
		FDCE959E229916E300A82CFB /* DogPhotoListWorker.swift in Sources */ = {isa = PBXBuildFile; fileRef = FDCE9598229916E300A82CFB /* DogPhotoListWorker.swift */; };
		FDCE959F229916E300A82CFB /* DogPhotoListRouter.swift in Sources */ = {isa = PBXBuildFile; fileRef = FDCE9599229916E300A82CFB /* DogPhotoListRouter.swift */; };
		FDCE95A0229916E300A82CFB /* DogPhotoListModels.swift in Sources */ = {isa = PBXBuildFile; fileRef = FDCE959A229916E300A82CFB /* DogPhotoListModels.swift */; };
		FDCE95A1229916E300A82CFB /* DogPhotoListViewController.swift in Sources */ = {isa = PBXBuildFile; fileRef = FDCE959B229916E300A82CFB /* DogPhotoListViewController.swift */; };
		FDCE95A2229916E300A82CFB /* DogPhotoListInteractor.swift in Sources */ = {isa = PBXBuildFile; fileRef = FDCE959C229916E300A82CFB /* DogPhotoListInteractor.swift */; };
		FDCE95AE22991C4400A82CFB /* DogBreedsListPresenter.swift in Sources */ = {isa = PBXBuildFile; fileRef = FDCE95A822991C4400A82CFB /* DogBreedsListPresenter.swift */; };
		FDCE95B022991C4400A82CFB /* DogBreedsListRouter.swift in Sources */ = {isa = PBXBuildFile; fileRef = FDCE95AA22991C4400A82CFB /* DogBreedsListRouter.swift */; };
		FDCE95B122991C4400A82CFB /* DogBreedsListModels.swift in Sources */ = {isa = PBXBuildFile; fileRef = FDCE95AB22991C4400A82CFB /* DogBreedsListModels.swift */; };
		FDCE95B222991C4400A82CFB /* DogBreedsListViewController.swift in Sources */ = {isa = PBXBuildFile; fileRef = FDCE95AC22991C4400A82CFB /* DogBreedsListViewController.swift */; };
		FDCE95B322991C4400A82CFB /* DogBreedsListInteractor.swift in Sources */ = {isa = PBXBuildFile; fileRef = FDCE95AD22991C4400A82CFB /* DogBreedsListInteractor.swift */; };
		FDCE95B5229924C400A82CFB /* DogPhoto.strings in Resources */ = {isa = PBXBuildFile; fileRef = FDCE95B4229924C400A82CFB /* DogPhoto.strings */; };
		FDCE95B92299298200A82CFB /* DogCollectionViewCell.swift in Sources */ = {isa = PBXBuildFile; fileRef = FDCE95B82299298200A82CFB /* DogCollectionViewCell.swift */; };
		FDDC167823CABE8F00970EF8 /* main.swift in Sources */ = {isa = PBXBuildFile; fileRef = FDDC167723CABE8F00970EF8 /* main.swift */; };
		FDDC167A23CAC11900970EF8 /* Cuckoo.generated.swift in Sources */ = {isa = PBXBuildFile; fileRef = FDDC167923CAC11800970EF8 /* Cuckoo.generated.swift */; };
/* End PBXBuildFile section */

/* Begin PBXContainerItemProxy section */
		FDCE95542298D48100A82CFB /* PBXContainerItemProxy */ = {
			isa = PBXContainerItemProxy;
			containerPortal = FDCE95372298D47F00A82CFB /* Project object */;
			proxyType = 1;
			remoteGlobalIDString = FDCE953E2298D47F00A82CFB;
			remoteInfo = doglist;
		};
/* End PBXContainerItemProxy section */

/* Begin PBXFileReference section */
		0455B68F0958E36BE480B3FD /* Pods-doglistTests.release.xcconfig */ = {isa = PBXFileReference; includeInIndex = 1; lastKnownFileType = text.xcconfig; name = "Pods-doglistTests.release.xcconfig"; path = "Pods/Target Support Files/Pods-doglistTests/Pods-doglistTests.release.xcconfig"; sourceTree = "<group>"; };
		1320228CC27D5F05E6C0856F /* Pods-doglist.debug.xcconfig */ = {isa = PBXFileReference; includeInIndex = 1; lastKnownFileType = text.xcconfig; name = "Pods-doglist.debug.xcconfig"; path = "Pods/Target Support Files/Pods-doglist/Pods-doglist.debug.xcconfig"; sourceTree = "<group>"; };
		3ECE614C5DD21A6681E22818 /* Pods_doglistTests.framework */ = {isa = PBXFileReference; explicitFileType = wrapper.framework; includeInIndex = 0; path = Pods_doglistTests.framework; sourceTree = BUILT_PRODUCTS_DIR; };
		5FF76896EF2C482198F0F5EC /* Pods-doglistTests.debug.xcconfig */ = {isa = PBXFileReference; includeInIndex = 1; lastKnownFileType = text.xcconfig; name = "Pods-doglistTests.debug.xcconfig"; path = "Pods/Target Support Files/Pods-doglistTests/Pods-doglistTests.debug.xcconfig"; sourceTree = "<group>"; };
		7C00A8BEB13C5A59A296A119 /* Pods_doglist.framework */ = {isa = PBXFileReference; explicitFileType = wrapper.framework; includeInIndex = 0; path = Pods_doglist.framework; sourceTree = BUILT_PRODUCTS_DIR; };
		FA407A290790BCB5BA066759 /* Pods-doglist.release.xcconfig */ = {isa = PBXFileReference; includeInIndex = 1; lastKnownFileType = text.xcconfig; name = "Pods-doglist.release.xcconfig"; path = "Pods/Target Support Files/Pods-doglist/Pods-doglist.release.xcconfig"; sourceTree = "<group>"; };
		FD4348F922992C9000AB6AEA /* DogPhotoListProvider.swift */ = {isa = PBXFileReference; lastKnownFileType = sourcecode.swift; path = DogPhotoListProvider.swift; sourceTree = "<group>"; };
		FD43490222998C5500AB6AEA /* LoginInteractorTests.swift */ = {isa = PBXFileReference; lastKnownFileType = sourcecode.swift; path = LoginInteractorTests.swift; sourceTree = "<group>"; };
		FD43490622999A4600AB6AEA /* LoginPresenterTests.swift */ = {isa = PBXFileReference; lastKnownFileType = sourcecode.swift; path = LoginPresenterTests.swift; sourceTree = "<group>"; };
		FD4349082299A33400AB6AEA /* DogPhotoListInteractorTests.swift */ = {isa = PBXFileReference; lastKnownFileType = sourcecode.swift; path = DogPhotoListInteractorTests.swift; sourceTree = "<group>"; };
		FD43490A2299A36400AB6AEA /* DogPhotoListPresenterTests.swift */ = {isa = PBXFileReference; lastKnownFileType = sourcecode.swift; path = DogPhotoListPresenterTests.swift; sourceTree = "<group>"; };
		FD43490C2299AF6500AB6AEA /* DogBreedListInteractorTests.swift */ = {isa = PBXFileReference; lastKnownFileType = sourcecode.swift; path = DogBreedListInteractorTests.swift; sourceTree = "<group>"; };
		FD43490E2299AF7C00AB6AEA /* DogBreedListPresenterTests.swift */ = {isa = PBXFileReference; lastKnownFileType = sourcecode.swift; path = DogBreedListPresenterTests.swift; sourceTree = "<group>"; };
		FDB2384D2299B39F0080AB67 /* LoginProviderTests.swift */ = {isa = PBXFileReference; lastKnownFileType = sourcecode.swift; path = LoginProviderTests.swift; sourceTree = "<group>"; };
		FDB2384F2299B4B10080AB67 /* DogPhotoListProviderTests.swift */ = {isa = PBXFileReference; lastKnownFileType = sourcecode.swift; path = DogPhotoListProviderTests.swift; sourceTree = "<group>"; };
		FDB238522299B8380080AB67 /* DogErrorsTest.swift */ = {isa = PBXFileReference; lastKnownFileType = sourcecode.swift; path = DogErrorsTest.swift; sourceTree = "<group>"; };
		FDB238542299B87E0080AB67 /* general.strings */ = {isa = PBXFileReference; lastKnownFileType = text.plist.strings; path = general.strings; sourceTree = "<group>"; };
		FDCE953F2298D47F00A82CFB /* doglist.app */ = {isa = PBXFileReference; explicitFileType = wrapper.application; includeInIndex = 0; path = doglist.app; sourceTree = BUILT_PRODUCTS_DIR; };
		FDCE95422298D47F00A82CFB /* AppDelegate.swift */ = {isa = PBXFileReference; lastKnownFileType = sourcecode.swift; path = AppDelegate.swift; sourceTree = "<group>"; };
		FDCE95472298D47F00A82CFB /* Base */ = {isa = PBXFileReference; lastKnownFileType = file.storyboard; name = Base; path = Base.lproj/Main.storyboard; sourceTree = "<group>"; };
		FDCE95492298D48100A82CFB /* Assets.xcassets */ = {isa = PBXFileReference; lastKnownFileType = folder.assetcatalog; path = Assets.xcassets; sourceTree = "<group>"; };
		FDCE954C2298D48100A82CFB /* Base */ = {isa = PBXFileReference; lastKnownFileType = file.storyboard; name = Base; path = Base.lproj/LaunchScreen.storyboard; sourceTree = "<group>"; };
		FDCE954E2298D48100A82CFB /* Info.plist */ = {isa = PBXFileReference; lastKnownFileType = text.plist.xml; path = Info.plist; sourceTree = "<group>"; };
		FDCE95532298D48100A82CFB /* doglistTests.xctest */ = {isa = PBXFileReference; explicitFileType = wrapper.cfbundle; includeInIndex = 0; path = doglistTests.xctest; sourceTree = BUILT_PRODUCTS_DIR; };
		FDCE95592298D48100A82CFB /* Info.plist */ = {isa = PBXFileReference; lastKnownFileType = text.plist.xml; path = Info.plist; sourceTree = "<group>"; };
		FDCE95732298DB4400A82CFB /* RequestProvider.swift */ = {isa = PBXFileReference; lastKnownFileType = sourcecode.swift; path = RequestProvider.swift; sourceTree = "<group>"; };
		FDCE95752298DB4C00A82CFB /* ServiceProvider.swift */ = {isa = PBXFileReference; lastKnownFileType = sourcecode.swift; path = ServiceProvider.swift; sourceTree = "<group>"; };
		FDCE95772298DB5500A82CFB /* DogErrors.swift */ = {isa = PBXFileReference; lastKnownFileType = sourcecode.swift; path = DogErrors.swift; sourceTree = "<group>"; };
		FDCE95792298DCE300A82CFB /* LoginPresenter.swift */ = {isa = PBXFileReference; lastKnownFileType = sourcecode.swift; path = LoginPresenter.swift; sourceTree = "<group>"; };
		FDCE957A2298DCE300A82CFB /* LoginWorker.swift */ = {isa = PBXFileReference; lastKnownFileType = sourcecode.swift; path = LoginWorker.swift; sourceTree = "<group>"; };
		FDCE957B2298DCE300A82CFB /* LoginRouter.swift */ = {isa = PBXFileReference; lastKnownFileType = sourcecode.swift; path = LoginRouter.swift; sourceTree = "<group>"; };
		FDCE957C2298DCE300A82CFB /* LoginModels.swift */ = {isa = PBXFileReference; lastKnownFileType = sourcecode.swift; path = LoginModels.swift; sourceTree = "<group>"; };
		FDCE957D2298DCE300A82CFB /* LoginViewController.swift */ = {isa = PBXFileReference; lastKnownFileType = sourcecode.swift; path = LoginViewController.swift; sourceTree = "<group>"; };
		FDCE957E2298DCE300A82CFB /* LoginInteractor.swift */ = {isa = PBXFileReference; lastKnownFileType = sourcecode.swift; path = LoginInteractor.swift; sourceTree = "<group>"; };
		FDCE95862298E0B400A82CFB /* Bundle.swift */ = {isa = PBXFileReference; lastKnownFileType = sourcecode.swift; path = Bundle.swift; sourceTree = "<group>"; };
		FDCE95882298E26B00A82CFB /* HttpVerb.swift */ = {isa = PBXFileReference; lastKnownFileType = sourcecode.swift; path = HttpVerb.swift; sourceTree = "<group>"; };
		FDCE958A2298E96400A82CFB /* Encodable.swift */ = {isa = PBXFileReference; lastKnownFileType = sourcecode.swift; path = Encodable.swift; sourceTree = "<group>"; };
		FDCE958D2298FE4B00A82CFB /* LoginProvider.swift */ = {isa = PBXFileReference; lastKnownFileType = sourcecode.swift; path = LoginProvider.swift; sourceTree = "<group>"; };
		FDCE95902299056B00A82CFB /* R.generated.swift */ = {isa = PBXFileReference; fileEncoding = 4; lastKnownFileType = sourcecode.swift; path = R.generated.swift; sourceTree = SOURCE_ROOT; };
		FDCE95932299058C00A82CFB /* Login.strings */ = {isa = PBXFileReference; lastKnownFileType = text.plist.strings; path = Login.strings; sourceTree = "<group>"; };
		FDCE9597229916E300A82CFB /* DogPhotoListPresenter.swift */ = {isa = PBXFileReference; lastKnownFileType = sourcecode.swift; path = DogPhotoListPresenter.swift; sourceTree = "<group>"; };
		FDCE9598229916E300A82CFB /* DogPhotoListWorker.swift */ = {isa = PBXFileReference; lastKnownFileType = sourcecode.swift; path = DogPhotoListWorker.swift; sourceTree = "<group>"; };
		FDCE9599229916E300A82CFB /* DogPhotoListRouter.swift */ = {isa = PBXFileReference; lastKnownFileType = sourcecode.swift; path = DogPhotoListRouter.swift; sourceTree = "<group>"; };
		FDCE959A229916E300A82CFB /* DogPhotoListModels.swift */ = {isa = PBXFileReference; lastKnownFileType = sourcecode.swift; path = DogPhotoListModels.swift; sourceTree = "<group>"; };
		FDCE959B229916E300A82CFB /* DogPhotoListViewController.swift */ = {isa = PBXFileReference; lastKnownFileType = sourcecode.swift; path = DogPhotoListViewController.swift; sourceTree = "<group>"; };
		FDCE959C229916E300A82CFB /* DogPhotoListInteractor.swift */ = {isa = PBXFileReference; lastKnownFileType = sourcecode.swift; path = DogPhotoListInteractor.swift; sourceTree = "<group>"; };
		FDCE95A822991C4400A82CFB /* DogBreedsListPresenter.swift */ = {isa = PBXFileReference; lastKnownFileType = sourcecode.swift; path = DogBreedsListPresenter.swift; sourceTree = "<group>"; };
		FDCE95AA22991C4400A82CFB /* DogBreedsListRouter.swift */ = {isa = PBXFileReference; lastKnownFileType = sourcecode.swift; path = DogBreedsListRouter.swift; sourceTree = "<group>"; };
		FDCE95AB22991C4400A82CFB /* DogBreedsListModels.swift */ = {isa = PBXFileReference; lastKnownFileType = sourcecode.swift; path = DogBreedsListModels.swift; sourceTree = "<group>"; };
		FDCE95AC22991C4400A82CFB /* DogBreedsListViewController.swift */ = {isa = PBXFileReference; lastKnownFileType = sourcecode.swift; path = DogBreedsListViewController.swift; sourceTree = "<group>"; };
		FDCE95AD22991C4400A82CFB /* DogBreedsListInteractor.swift */ = {isa = PBXFileReference; lastKnownFileType = sourcecode.swift; path = DogBreedsListInteractor.swift; sourceTree = "<group>"; };
		FDCE95B4229924C400A82CFB /* DogPhoto.strings */ = {isa = PBXFileReference; lastKnownFileType = text.plist.strings; path = DogPhoto.strings; sourceTree = "<group>"; };
		FDCE95B82299298200A82CFB /* DogCollectionViewCell.swift */ = {isa = PBXFileReference; lastKnownFileType = sourcecode.swift; path = DogCollectionViewCell.swift; sourceTree = "<group>"; };
		FDDC167723CABE8F00970EF8 /* main.swift */ = {isa = PBXFileReference; lastKnownFileType = sourcecode.swift; path = main.swift; sourceTree = "<group>"; };
		FDDC167923CAC11800970EF8 /* Cuckoo.generated.swift */ = {isa = PBXFileReference; fileEncoding = 4; lastKnownFileType = sourcecode.swift; path = Cuckoo.generated.swift; sourceTree = "<group>"; };
/* End PBXFileReference section */

/* Begin PBXFrameworksBuildPhase section */
		FDCE953C2298D47F00A82CFB /* Frameworks */ = {
			isa = PBXFrameworksBuildPhase;
			buildActionMask = 2147483647;
			files = (
				DBAFE5BF75F0AAAE95C85696 /* Pods_doglist.framework in Frameworks */,
			);
			runOnlyForDeploymentPostprocessing = 0;
		};
		FDCE95502298D48100A82CFB /* Frameworks */ = {
			isa = PBXFrameworksBuildPhase;
			buildActionMask = 2147483647;
			files = (
				A8F0758D66E21090A861D60A /* Pods_doglistTests.framework in Frameworks */,
			);
			runOnlyForDeploymentPostprocessing = 0;
		};
/* End PBXFrameworksBuildPhase section */

/* Begin PBXGroup section */
		7A4E4438333C07DA78BA8D87 /* Pods */ = {
			isa = PBXGroup;
			children = (
				1320228CC27D5F05E6C0856F /* Pods-doglist.debug.xcconfig */,
				FA407A290790BCB5BA066759 /* Pods-doglist.release.xcconfig */,
				5FF76896EF2C482198F0F5EC /* Pods-doglistTests.debug.xcconfig */,
				0455B68F0958E36BE480B3FD /* Pods-doglistTests.release.xcconfig */,
			);
			name = Pods;
			sourceTree = "<group>";
		};
		F8970AAFACA54758887EB3AA /* Frameworks */ = {
			isa = PBXGroup;
			children = (
				7C00A8BEB13C5A59A296A119 /* Pods_doglist.framework */,
				3ECE614C5DD21A6681E22818 /* Pods_doglistTests.framework */,
			);
			name = Frameworks;
			sourceTree = "<group>";
		};
		FD4348FE22998BC900AB6AEA /* Scenes */ = {
			isa = PBXGroup;
			children = (
				FD4348FF22998BCE00AB6AEA /* Login */,
				FD43490022998BD900AB6AEA /* DogPhotoList */,
				FD43490122998BDF00AB6AEA /* DogBreedList */,
			);
			path = Scenes;
			sourceTree = "<group>";
		};
		FD4348FF22998BCE00AB6AEA /* Login */ = {
			isa = PBXGroup;
			children = (
				FD43490222998C5500AB6AEA /* LoginInteractorTests.swift */,
				FD43490622999A4600AB6AEA /* LoginPresenterTests.swift */,
				FDB2384D2299B39F0080AB67 /* LoginProviderTests.swift */,
			);
			path = Login;
			sourceTree = "<group>";
		};
		FD43490022998BD900AB6AEA /* DogPhotoList */ = {
			isa = PBXGroup;
			children = (
				FD4349082299A33400AB6AEA /* DogPhotoListInteractorTests.swift */,
				FD43490A2299A36400AB6AEA /* DogPhotoListPresenterTests.swift */,
				FDB2384F2299B4B10080AB67 /* DogPhotoListProviderTests.swift */,
			);
			path = DogPhotoList;
			sourceTree = "<group>";
		};
		FD43490122998BDF00AB6AEA /* DogBreedList */ = {
			isa = PBXGroup;
			children = (
				FD43490C2299AF6500AB6AEA /* DogBreedListInteractorTests.swift */,
				FD43490E2299AF7C00AB6AEA /* DogBreedListPresenterTests.swift */,
			);
			path = DogBreedList;
			sourceTree = "<group>";
		};
		FDB238512299B8290080AB67 /* Networking */ = {
			isa = PBXGroup;
			children = (
				FDB238522299B8380080AB67 /* DogErrorsTest.swift */,
			);
			path = Networking;
			sourceTree = "<group>";
		};
		FDCE95362298D47F00A82CFB = {
			isa = PBXGroup;
			children = (
				FDCE95412298D47F00A82CFB /* doglist */,
				FDCE95562298D48100A82CFB /* doglistTests */,
				FDCE95402298D47F00A82CFB /* Products */,
				7A4E4438333C07DA78BA8D87 /* Pods */,
				F8970AAFACA54758887EB3AA /* Frameworks */,
			);
			sourceTree = "<group>";
		};
		FDCE95402298D47F00A82CFB /* Products */ = {
			isa = PBXGroup;
			children = (
				FDCE953F2298D47F00A82CFB /* doglist.app */,
				FDCE95532298D48100A82CFB /* doglistTests.xctest */,
			);
			name = Products;
			sourceTree = "<group>";
		};
		FDCE95412298D47F00A82CFB /* doglist */ = {
			isa = PBXGroup;
			children = (
				FDDC167623CABE5900970EF8 /* Application */,
				FDCE95642298D52D00A82CFB /* Scenes */,
				FDCE95632298D52500A82CFB /* Networking */,
				FDCE95652298D57000A82CFB /* Storyboard */,
				FDCE95622298D51700A82CFB /* SupportingFiles */,
				FDCE95852298E0A700A82CFB /* Extensions */,
			);
			path = doglist;
			sourceTree = "<group>";
		};
		FDCE95562298D48100A82CFB /* doglistTests */ = {
			isa = PBXGroup;
			children = (
				FDDC167923CAC11800970EF8 /* Cuckoo.generated.swift */,
				FDB238512299B8290080AB67 /* Networking */,
				FD4348FE22998BC900AB6AEA /* Scenes */,
				FDCE95592298D48100A82CFB /* Info.plist */,
			);
			path = doglistTests;
			sourceTree = "<group>";
		};
		FDCE95622298D51700A82CFB /* SupportingFiles */ = {
			isa = PBXGroup;
			children = (
				FDCE95902299056B00A82CFB /* R.generated.swift */,
				FDCE954E2298D48100A82CFB /* Info.plist */,
				FDCE95492298D48100A82CFB /* Assets.xcassets */,
				FDB238542299B87E0080AB67 /* general.strings */,
			);
			path = SupportingFiles;
			sourceTree = "<group>";
		};
		FDCE95632298D52500A82CFB /* Networking */ = {
			isa = PBXGroup;
			children = (
				FDCE95732298DB4400A82CFB /* RequestProvider.swift */,
				FDCE95752298DB4C00A82CFB /* ServiceProvider.swift */,
				FDCE95772298DB5500A82CFB /* DogErrors.swift */,
				FDCE95882298E26B00A82CFB /* HttpVerb.swift */,
			);
			path = Networking;
			sourceTree = "<group>";
		};
		FDCE95642298D52D00A82CFB /* Scenes */ = {
			isa = PBXGroup;
			children = (
				FDCE95662298D58800A82CFB /* Login */,
				FDCE95952299168900A82CFB /* DogPhotoList */,
				FDCE9596229916A100A82CFB /* DogBreedsList */,
			);
			path = Scenes;
			sourceTree = "<group>";
		};
		FDCE95652298D57000A82CFB /* Storyboard */ = {
			isa = PBXGroup;
			children = (
				FDCE95462298D47F00A82CFB /* Main.storyboard */,
				FDCE954B2298D48100A82CFB /* LaunchScreen.storyboard */,
			);
			path = Storyboard;
			sourceTree = "<group>";
		};
		FDCE95662298D58800A82CFB /* Login */ = {
			isa = PBXGroup;
			children = (
				FDCE95922299057700A82CFB /* Utils */,
				FDCE958C2298FDC000A82CFB /* Provider */,
				FDCE95792298DCE300A82CFB /* LoginPresenter.swift */,
				FDCE957A2298DCE300A82CFB /* LoginWorker.swift */,
				FDCE957B2298DCE300A82CFB /* LoginRouter.swift */,
				FDCE957C2298DCE300A82CFB /* LoginModels.swift */,
				FDCE957D2298DCE300A82CFB /* LoginViewController.swift */,
				FDCE957E2298DCE300A82CFB /* LoginInteractor.swift */,
			);
			path = Login;
			sourceTree = "<group>";
		};
		FDCE95852298E0A700A82CFB /* Extensions */ = {
			isa = PBXGroup;
			children = (
				FDCE95862298E0B400A82CFB /* Bundle.swift */,
				FDCE958A2298E96400A82CFB /* Encodable.swift */,
			);
			path = Extensions;
			sourceTree = "<group>";
		};
		FDCE958C2298FDC000A82CFB /* Provider */ = {
			isa = PBXGroup;
			children = (
				FDCE958D2298FE4B00A82CFB /* LoginProvider.swift */,
			);
			path = Provider;
			sourceTree = "<group>";
		};
		FDCE95922299057700A82CFB /* Utils */ = {
			isa = PBXGroup;
			children = (
				FDCE95932299058C00A82CFB /* Login.strings */,
			);
			path = Utils;
			sourceTree = "<group>";
		};
		FDCE95952299168900A82CFB /* DogPhotoList */ = {
			isa = PBXGroup;
			children = (
				FDCE95B72299295300A82CFB /* View */,
				FDCE95A42299181600A82CFB /* Utils */,
				FDCE95A32299180600A82CFB /* Provider */,
				FDCE9597229916E300A82CFB /* DogPhotoListPresenter.swift */,
				FDCE9598229916E300A82CFB /* DogPhotoListWorker.swift */,
				FDCE9599229916E300A82CFB /* DogPhotoListRouter.swift */,
				FDCE959A229916E300A82CFB /* DogPhotoListModels.swift */,
				FDCE959B229916E300A82CFB /* DogPhotoListViewController.swift */,
				FDCE959C229916E300A82CFB /* DogPhotoListInteractor.swift */,
			);
			path = DogPhotoList;
			sourceTree = "<group>";
		};
		FDCE9596229916A100A82CFB /* DogBreedsList */ = {
			isa = PBXGroup;
			children = (
				FDCE95A822991C4400A82CFB /* DogBreedsListPresenter.swift */,
				FDCE95AA22991C4400A82CFB /* DogBreedsListRouter.swift */,
				FDCE95AB22991C4400A82CFB /* DogBreedsListModels.swift */,
				FDCE95AC22991C4400A82CFB /* DogBreedsListViewController.swift */,
				FDCE95AD22991C4400A82CFB /* DogBreedsListInteractor.swift */,
			);
			path = DogBreedsList;
			sourceTree = "<group>";
		};
		FDCE95A32299180600A82CFB /* Provider */ = {
			isa = PBXGroup;
			children = (
				FD4348F922992C9000AB6AEA /* DogPhotoListProvider.swift */,
			);
			path = Provider;
			sourceTree = "<group>";
		};
		FDCE95A42299181600A82CFB /* Utils */ = {
			isa = PBXGroup;
			children = (
				FDCE95B4229924C400A82CFB /* DogPhoto.strings */,
			);
			path = Utils;
			sourceTree = "<group>";
		};
		FDCE95B72299295300A82CFB /* View */ = {
			isa = PBXGroup;
			children = (
				FDCE95B82299298200A82CFB /* DogCollectionViewCell.swift */,
			);
			path = View;
			sourceTree = "<group>";
		};
		FDDC167623CABE5900970EF8 /* Application */ = {
			isa = PBXGroup;
			children = (
				FDDC167723CABE8F00970EF8 /* main.swift */,
				FDCE95422298D47F00A82CFB /* AppDelegate.swift */,
			);
			path = Application;
			sourceTree = "<group>";
		};
/* End PBXGroup section */

/* Begin PBXNativeTarget section */
		FDCE953E2298D47F00A82CFB /* doglist */ = {
			isa = PBXNativeTarget;
			buildConfigurationList = FDCE955C2298D48100A82CFB /* Build configuration list for PBXNativeTarget "doglist" */;
			buildPhases = (
				D074AF31AD06031607831EBB /* [CP] Check Pods Manifest.lock */,
				FD4348FB22998A3C00AB6AEA /* Cuckoo */,
				FDCE958F229904C000A82CFB /* R SWIFT */,
				FDCE953B2298D47F00A82CFB /* Sources */,
				FDCE953C2298D47F00A82CFB /* Frameworks */,
				FDCE953D2298D47F00A82CFB /* Resources */,
				B3610F3DA11D765AC2F0D600 /* [CP] Embed Pods Frameworks */,
			);
			buildRules = (
			);
			dependencies = (
			);
			name = doglist;
			productName = doglist;
			productReference = FDCE953F2298D47F00A82CFB /* doglist.app */;
			productType = "com.apple.product-type.application";
		};
		FDCE95522298D48100A82CFB /* doglistTests */ = {
			isa = PBXNativeTarget;
			buildConfigurationList = FDCE955F2298D48100A82CFB /* Build configuration list for PBXNativeTarget "doglistTests" */;
			buildPhases = (
				F400A0F61924451990E525D4 /* [CP] Check Pods Manifest.lock */,
				FDCE954F2298D48100A82CFB /* Sources */,
				FDCE95502298D48100A82CFB /* Frameworks */,
				FDCE95512298D48100A82CFB /* Resources */,
				C182A4D8055FE58D8F9A3018 /* [CP] Embed Pods Frameworks */,
			);
			buildRules = (
			);
			dependencies = (
				FDCE95552298D48100A82CFB /* PBXTargetDependency */,
			);
			name = doglistTests;
			productName = doglistTests;
			productReference = FDCE95532298D48100A82CFB /* doglistTests.xctest */;
			productType = "com.apple.product-type.bundle.unit-test";
		};
/* End PBXNativeTarget section */

/* Begin PBXProject section */
		FDCE95372298D47F00A82CFB /* Project object */ = {
			isa = PBXProject;
			attributes = {
				LastSwiftUpdateCheck = 1020;
				LastUpgradeCheck = 1020;
				ORGANIZATIONNAME = "Hélio Mesquita";
				TargetAttributes = {
					FDCE953E2298D47F00A82CFB = {
						CreatedOnToolsVersion = 10.2.1;
					};
					FDCE95522298D48100A82CFB = {
						CreatedOnToolsVersion = 10.2.1;
						TestTargetID = FDCE953E2298D47F00A82CFB;
					};
				};
			};
			buildConfigurationList = FDCE953A2298D47F00A82CFB /* Build configuration list for PBXProject "doglist" */;
			compatibilityVersion = "Xcode 9.3";
			developmentRegion = en;
			hasScannedForEncodings = 0;
			knownRegions = (
				en,
				Base,
			);
			mainGroup = FDCE95362298D47F00A82CFB;
			productRefGroup = FDCE95402298D47F00A82CFB /* Products */;
			projectDirPath = "";
			projectRoot = "";
			targets = (
				FDCE953E2298D47F00A82CFB /* doglist */,
				FDCE95522298D48100A82CFB /* doglistTests */,
			);
		};
/* End PBXProject section */

/* Begin PBXResourcesBuildPhase section */
		FDCE953D2298D47F00A82CFB /* Resources */ = {
			isa = PBXResourcesBuildPhase;
			buildActionMask = 2147483647;
			files = (
				FDCE954D2298D48100A82CFB /* LaunchScreen.storyboard in Resources */,
				FDCE954A2298D48100A82CFB /* Assets.xcassets in Resources */,
				FDCE95942299058C00A82CFB /* Login.strings in Resources */,
				FDB238552299B87E0080AB67 /* general.strings in Resources */,
				FDCE95482298D47F00A82CFB /* Main.storyboard in Resources */,
				FDCE95B5229924C400A82CFB /* DogPhoto.strings in Resources */,
			);
			runOnlyForDeploymentPostprocessing = 0;
		};
		FDCE95512298D48100A82CFB /* Resources */ = {
			isa = PBXResourcesBuildPhase;
			buildActionMask = 2147483647;
			files = (
			);
			runOnlyForDeploymentPostprocessing = 0;
		};
/* End PBXResourcesBuildPhase section */

/* Begin PBXShellScriptBuildPhase section */
		B3610F3DA11D765AC2F0D600 /* [CP] Embed Pods Frameworks */ = {
			isa = PBXShellScriptBuildPhase;
			buildActionMask = 2147483647;
			files = (
			);
			inputFileListPaths = (
				"${PODS_ROOT}/Target Support Files/Pods-doglist/Pods-doglist-frameworks-${CONFIGURATION}-input-files.xcfilelist",
			);
			name = "[CP] Embed Pods Frameworks";
			outputFileListPaths = (
				"${PODS_ROOT}/Target Support Files/Pods-doglist/Pods-doglist-frameworks-${CONFIGURATION}-output-files.xcfilelist",
			);
			runOnlyForDeploymentPostprocessing = 0;
			shellPath = /bin/sh;
			shellScript = "\"${PODS_ROOT}/Target Support Files/Pods-doglist/Pods-doglist-frameworks.sh\"\n";
			showEnvVarsInLog = 0;
		};
		C182A4D8055FE58D8F9A3018 /* [CP] Embed Pods Frameworks */ = {
			isa = PBXShellScriptBuildPhase;
			buildActionMask = 2147483647;
			files = (
			);
			inputFileListPaths = (
				"${PODS_ROOT}/Target Support Files/Pods-doglistTests/Pods-doglistTests-frameworks-${CONFIGURATION}-input-files.xcfilelist",
			);
			name = "[CP] Embed Pods Frameworks";
			outputFileListPaths = (
				"${PODS_ROOT}/Target Support Files/Pods-doglistTests/Pods-doglistTests-frameworks-${CONFIGURATION}-output-files.xcfilelist",
			);
			runOnlyForDeploymentPostprocessing = 0;
			shellPath = /bin/sh;
			shellScript = "\"${PODS_ROOT}/Target Support Files/Pods-doglistTests/Pods-doglistTests-frameworks.sh\"\n";
			showEnvVarsInLog = 0;
		};
		D074AF31AD06031607831EBB /* [CP] Check Pods Manifest.lock */ = {
			isa = PBXShellScriptBuildPhase;
			buildActionMask = 2147483647;
			files = (
			);
			inputFileListPaths = (
			);
			inputPaths = (
				"${PODS_PODFILE_DIR_PATH}/Podfile.lock",
				"${PODS_ROOT}/Manifest.lock",
			);
			name = "[CP] Check Pods Manifest.lock";
			outputFileListPaths = (
			);
			outputPaths = (
				"$(DERIVED_FILE_DIR)/Pods-doglist-checkManifestLockResult.txt",
			);
			runOnlyForDeploymentPostprocessing = 0;
			shellPath = /bin/sh;
			shellScript = "diff \"${PODS_PODFILE_DIR_PATH}/Podfile.lock\" \"${PODS_ROOT}/Manifest.lock\" > /dev/null\nif [ $? != 0 ] ; then\n    # print error to STDERR\n    echo \"error: The sandbox is not in sync with the Podfile.lock. Run 'pod install' or update your CocoaPods installation.\" >&2\n    exit 1\nfi\n# This output is used by Xcode 'outputs' to avoid re-running this script phase.\necho \"SUCCESS\" > \"${SCRIPT_OUTPUT_FILE_0}\"\n";
			showEnvVarsInLog = 0;
		};
		F400A0F61924451990E525D4 /* [CP] Check Pods Manifest.lock */ = {
			isa = PBXShellScriptBuildPhase;
			buildActionMask = 2147483647;
			files = (
			);
			inputFileListPaths = (
			);
			inputPaths = (
				"${PODS_PODFILE_DIR_PATH}/Podfile.lock",
				"${PODS_ROOT}/Manifest.lock",
			);
			name = "[CP] Check Pods Manifest.lock";
			outputFileListPaths = (
			);
			outputPaths = (
				"$(DERIVED_FILE_DIR)/Pods-doglistTests-checkManifestLockResult.txt",
			);
			runOnlyForDeploymentPostprocessing = 0;
			shellPath = /bin/sh;
			shellScript = "diff \"${PODS_PODFILE_DIR_PATH}/Podfile.lock\" \"${PODS_ROOT}/Manifest.lock\" > /dev/null\nif [ $? != 0 ] ; then\n    # print error to STDERR\n    echo \"error: The sandbox is not in sync with the Podfile.lock. Run 'pod install' or update your CocoaPods installation.\" >&2\n    exit 1\nfi\n# This output is used by Xcode 'outputs' to avoid re-running this script phase.\necho \"SUCCESS\" > \"${SCRIPT_OUTPUT_FILE_0}\"\n";
			showEnvVarsInLog = 0;
		};
		FD4348FB22998A3C00AB6AEA /* Cuckoo */ = {
			isa = PBXShellScriptBuildPhase;
			buildActionMask = 2147483647;
			files = (
			);
			inputFileListPaths = (
			);
			inputPaths = (
			);
			name = Cuckoo;
			outputFileListPaths = (
			);
			outputPaths = (
			);
			runOnlyForDeploymentPostprocessing = 0;
			shellPath = /bin/sh;
			shellScript = "# Define output file. Change \"${PROJECT_DIR}/${PROJECT_NAME}Tests\" to your test's root source folder, if it's not the default name.\nOUTPUT_FILE=\"${PROJECT_DIR}/${PROJECT_NAME}Tests/Cuckoo.generated.swift\"\necho \"Generated Mocks File = ${OUTPUT_FILE}\"\n\n# Define input directory. Change \"${PROJECT_DIR}/${PROJECT_NAME}\" to your project's root source folder, if it's not the default name.\nINPUT_DIR=\"${PROJECT_DIR}/${PROJECT_NAME}\"\necho \"Mocks Input Directory = ${INPUT_DIR}\"\n\n# Generate mock files, include as many input files as you'd like to create mocks for.\n\"${PODS_ROOT}/Cuckoo/run\" generate --testable \"${PROJECT_NAME}\" \\\n--output \"${OUTPUT_FILE}\" \\\n\"${INPUT_DIR}/Scenes/Login/LoginPresenter.swift\" \\\n\"${INPUT_DIR}/Scenes/Login/LoginWorker.swift\" \\\n\"${INPUT_DIR}/Scenes/Login/LoginInteractor.swift\" \\\n\"${INPUT_DIR}/Scenes/Login/LoginViewController.swift\" \\\n\"${INPUT_DIR}/Scenes/DogPhotoList/DogPhotoListWorker.swift\" \\\n\"${INPUT_DIR}/Scenes/DogPhotoList/DogPhotoListPresenter.swift\" \\\n\"${INPUT_DIR}/Scenes/DogPhotoList/DogPhotoListInteractor.swift\" \\\n\"${INPUT_DIR}/Scenes/DogPhotoList/DogPhotoListViewController.swift\" \\\n\"${INPUT_DIR}/Scenes/DogBreedsList/DogBreedsListViewController.swift\" \\\n\"${INPUT_DIR}/Scenes/DogBreedsList/DogBreedsListPresenter.swift\" \\\n\"${INPUT_DIR}/Scenes/DogBreedsList/DogBreedsListInteractor.swift\"\n# ... and so forth, the last line should never end with a backslash\n\n";
		};
		FDCE958F229904C000A82CFB /* R SWIFT */ = {
			isa = PBXShellScriptBuildPhase;
			buildActionMask = 2147483647;
			files = (
			);
			inputFileListPaths = (
			);
			inputPaths = (
				"$TEMP_DIR/rswift-lastrun",
			);
			name = "R SWIFT";
			outputFileListPaths = (
			);
			outputPaths = (
				$SRCROOT/R.generated.swift,
			);
			runOnlyForDeploymentPostprocessing = 0;
			shellPath = /bin/sh;
			shellScript = "\"$PODS_ROOT/R.swift/rswift\" generate \"$SRCROOT/R.generated.swift\"\n";
		};
/* End PBXShellScriptBuildPhase section */

/* Begin PBXSourcesBuildPhase section */
		FDCE953B2298D47F00A82CFB /* Sources */ = {
			isa = PBXSourcesBuildPhase;
			buildActionMask = 2147483647;
			files = (
				FDCE958E2298FE4B00A82CFB /* LoginProvider.swift in Sources */,
				FDCE95892298E26B00A82CFB /* HttpVerb.swift in Sources */,
				FDCE95912299056C00A82CFB /* R.generated.swift in Sources */,
				FDCE95B022991C4400A82CFB /* DogBreedsListRouter.swift in Sources */,
				FDCE95832298DCE300A82CFB /* LoginViewController.swift in Sources */,
				FDCE959F229916E300A82CFB /* DogPhotoListRouter.swift in Sources */,
				FDCE958B2298E96400A82CFB /* Encodable.swift in Sources */,
				FDCE95762298DB4C00A82CFB /* ServiceProvider.swift in Sources */,
				FDDC167823CABE8F00970EF8 /* main.swift in Sources */,
				FDCE95AE22991C4400A82CFB /* DogBreedsListPresenter.swift in Sources */,
				FDCE95822298DCE300A82CFB /* LoginModels.swift in Sources */,
				FDCE95742298DB4400A82CFB /* RequestProvider.swift in Sources */,
				FDCE95A0229916E300A82CFB /* DogPhotoListModels.swift in Sources */,
				FDCE95432298D47F00A82CFB /* AppDelegate.swift in Sources */,
				FDCE95782298DB5500A82CFB /* DogErrors.swift in Sources */,
				FDCE95B122991C4400A82CFB /* DogBreedsListModels.swift in Sources */,
				FDCE95A1229916E300A82CFB /* DogPhotoListViewController.swift in Sources */,
				FDCE957F2298DCE300A82CFB /* LoginPresenter.swift in Sources */,
				FDCE95812298DCE300A82CFB /* LoginRouter.swift in Sources */,
				FDCE959E229916E300A82CFB /* DogPhotoListWorker.swift in Sources */,
				FDCE95872298E0B400A82CFB /* Bundle.swift in Sources */,
				FDCE95842298DCE300A82CFB /* LoginInteractor.swift in Sources */,
				FDCE95B92299298200A82CFB /* DogCollectionViewCell.swift in Sources */,
				FDCE95A2229916E300A82CFB /* DogPhotoListInteractor.swift in Sources */,
				FDCE95B222991C4400A82CFB /* DogBreedsListViewController.swift in Sources */,
				FD4348FA22992C9000AB6AEA /* DogPhotoListProvider.swift in Sources */,
				FDCE959D229916E300A82CFB /* DogPhotoListPresenter.swift in Sources */,
				FDCE95B322991C4400A82CFB /* DogBreedsListInteractor.swift in Sources */,
				FDCE95802298DCE300A82CFB /* LoginWorker.swift in Sources */,
			);
			runOnlyForDeploymentPostprocessing = 0;
		};
		FDCE954F2298D48100A82CFB /* Sources */ = {
			isa = PBXSourcesBuildPhase;
			buildActionMask = 2147483647;
			files = (
				FDB238502299B4B10080AB67 /* DogPhotoListProviderTests.swift in Sources */,
				FDB238532299B8380080AB67 /* DogErrorsTest.swift in Sources */,
				FDDC167A23CAC11900970EF8 /* Cuckoo.generated.swift in Sources */,
				FD43490D2299AF6500AB6AEA /* DogBreedListInteractorTests.swift in Sources */,
				FD43490F2299AF7C00AB6AEA /* DogBreedListPresenterTests.swift in Sources */,
				FDB2384E2299B39F0080AB67 /* LoginProviderTests.swift in Sources */,
				FD43490722999A4600AB6AEA /* LoginPresenterTests.swift in Sources */,
				FD43490B2299A36400AB6AEA /* DogPhotoListPresenterTests.swift in Sources */,
				FD43490322998C5500AB6AEA /* LoginInteractorTests.swift in Sources */,
				FD4349092299A33400AB6AEA /* DogPhotoListInteractorTests.swift in Sources */,
			);
			runOnlyForDeploymentPostprocessing = 0;
		};
/* End PBXSourcesBuildPhase section */

/* Begin PBXTargetDependency section */
		FDCE95552298D48100A82CFB /* PBXTargetDependency */ = {
			isa = PBXTargetDependency;
			target = FDCE953E2298D47F00A82CFB /* doglist */;
			targetProxy = FDCE95542298D48100A82CFB /* PBXContainerItemProxy */;
		};
/* End PBXTargetDependency section */

/* Begin PBXVariantGroup section */
		FDCE95462298D47F00A82CFB /* Main.storyboard */ = {
			isa = PBXVariantGroup;
			children = (
				FDCE95472298D47F00A82CFB /* Base */,
			);
			name = Main.storyboard;
			sourceTree = "<group>";
		};
		FDCE954B2298D48100A82CFB /* LaunchScreen.storyboard */ = {
			isa = PBXVariantGroup;
			children = (
				FDCE954C2298D48100A82CFB /* Base */,
			);
			name = LaunchScreen.storyboard;
			sourceTree = "<group>";
		};
/* End PBXVariantGroup section */

/* Begin XCBuildConfiguration section */
		FDCE955A2298D48100A82CFB /* Debug */ = {
			isa = XCBuildConfiguration;
			buildSettings = {
				ALWAYS_SEARCH_USER_PATHS = NO;
				CLANG_ANALYZER_NONNULL = YES;
				CLANG_ANALYZER_NUMBER_OBJECT_CONVERSION = YES_AGGRESSIVE;
				CLANG_CXX_LANGUAGE_STANDARD = "gnu++14";
				CLANG_CXX_LIBRARY = "libc++";
				CLANG_ENABLE_MODULES = YES;
				CLANG_ENABLE_OBJC_ARC = YES;
				CLANG_ENABLE_OBJC_WEAK = YES;
				CLANG_WARN_BLOCK_CAPTURE_AUTORELEASING = YES;
				CLANG_WARN_BOOL_CONVERSION = YES;
				CLANG_WARN_COMMA = YES;
				CLANG_WARN_CONSTANT_CONVERSION = YES;
				CLANG_WARN_DEPRECATED_OBJC_IMPLEMENTATIONS = YES;
				CLANG_WARN_DIRECT_OBJC_ISA_USAGE = YES_ERROR;
				CLANG_WARN_DOCUMENTATION_COMMENTS = YES;
				CLANG_WARN_EMPTY_BODY = YES;
				CLANG_WARN_ENUM_CONVERSION = YES;
				CLANG_WARN_INFINITE_RECURSION = YES;
				CLANG_WARN_INT_CONVERSION = YES;
				CLANG_WARN_NON_LITERAL_NULL_CONVERSION = YES;
				CLANG_WARN_OBJC_IMPLICIT_RETAIN_SELF = YES;
				CLANG_WARN_OBJC_LITERAL_CONVERSION = YES;
				CLANG_WARN_OBJC_ROOT_CLASS = YES_ERROR;
				CLANG_WARN_RANGE_LOOP_ANALYSIS = YES;
				CLANG_WARN_STRICT_PROTOTYPES = YES;
				CLANG_WARN_SUSPICIOUS_MOVE = YES;
				CLANG_WARN_UNGUARDED_AVAILABILITY = YES_AGGRESSIVE;
				CLANG_WARN_UNREACHABLE_CODE = YES;
				CLANG_WARN__DUPLICATE_METHOD_MATCH = YES;
				CODE_SIGN_IDENTITY = "iPhone Developer";
				COPY_PHASE_STRIP = NO;
				DEBUG_INFORMATION_FORMAT = dwarf;
				ENABLE_STRICT_OBJC_MSGSEND = YES;
				ENABLE_TESTABILITY = YES;
				GCC_C_LANGUAGE_STANDARD = gnu11;
				GCC_DYNAMIC_NO_PIC = NO;
				GCC_NO_COMMON_BLOCKS = YES;
				GCC_OPTIMIZATION_LEVEL = 0;
				GCC_PREPROCESSOR_DEFINITIONS = (
					"DEBUG=1",
					"$(inherited)",
				);
				GCC_WARN_64_TO_32_BIT_CONVERSION = YES;
				GCC_WARN_ABOUT_RETURN_TYPE = YES_ERROR;
				GCC_WARN_UNDECLARED_SELECTOR = YES;
				GCC_WARN_UNINITIALIZED_AUTOS = YES_AGGRESSIVE;
				GCC_WARN_UNUSED_FUNCTION = YES;
				GCC_WARN_UNUSED_VARIABLE = YES;
				IPHONEOS_DEPLOYMENT_TARGET = 12.2;
				MTL_ENABLE_DEBUG_INFO = INCLUDE_SOURCE;
				MTL_FAST_MATH = YES;
				ONLY_ACTIVE_ARCH = YES;
				SDKROOT = iphoneos;
				SWIFT_ACTIVE_COMPILATION_CONDITIONS = DEBUG;
				SWIFT_OPTIMIZATION_LEVEL = "-Onone";
			};
			name = Debug;
		};
		FDCE955B2298D48100A82CFB /* Release */ = {
			isa = XCBuildConfiguration;
			buildSettings = {
				ALWAYS_SEARCH_USER_PATHS = NO;
				CLANG_ANALYZER_NONNULL = YES;
				CLANG_ANALYZER_NUMBER_OBJECT_CONVERSION = YES_AGGRESSIVE;
				CLANG_CXX_LANGUAGE_STANDARD = "gnu++14";
				CLANG_CXX_LIBRARY = "libc++";
				CLANG_ENABLE_MODULES = YES;
				CLANG_ENABLE_OBJC_ARC = YES;
				CLANG_ENABLE_OBJC_WEAK = YES;
				CLANG_WARN_BLOCK_CAPTURE_AUTORELEASING = YES;
				CLANG_WARN_BOOL_CONVERSION = YES;
				CLANG_WARN_COMMA = YES;
				CLANG_WARN_CONSTANT_CONVERSION = YES;
				CLANG_WARN_DEPRECATED_OBJC_IMPLEMENTATIONS = YES;
				CLANG_WARN_DIRECT_OBJC_ISA_USAGE = YES_ERROR;
				CLANG_WARN_DOCUMENTATION_COMMENTS = YES;
				CLANG_WARN_EMPTY_BODY = YES;
				CLANG_WARN_ENUM_CONVERSION = YES;
				CLANG_WARN_INFINITE_RECURSION = YES;
				CLANG_WARN_INT_CONVERSION = YES;
				CLANG_WARN_NON_LITERAL_NULL_CONVERSION = YES;
				CLANG_WARN_OBJC_IMPLICIT_RETAIN_SELF = YES;
				CLANG_WARN_OBJC_LITERAL_CONVERSION = YES;
				CLANG_WARN_OBJC_ROOT_CLASS = YES_ERROR;
				CLANG_WARN_RANGE_LOOP_ANALYSIS = YES;
				CLANG_WARN_STRICT_PROTOTYPES = YES;
				CLANG_WARN_SUSPICIOUS_MOVE = YES;
				CLANG_WARN_UNGUARDED_AVAILABILITY = YES_AGGRESSIVE;
				CLANG_WARN_UNREACHABLE_CODE = YES;
				CLANG_WARN__DUPLICATE_METHOD_MATCH = YES;
				CODE_SIGN_IDENTITY = "iPhone Developer";
				COPY_PHASE_STRIP = NO;
				DEBUG_INFORMATION_FORMAT = "dwarf-with-dsym";
				ENABLE_NS_ASSERTIONS = NO;
				ENABLE_STRICT_OBJC_MSGSEND = YES;
				GCC_C_LANGUAGE_STANDARD = gnu11;
				GCC_NO_COMMON_BLOCKS = YES;
				GCC_WARN_64_TO_32_BIT_CONVERSION = YES;
				GCC_WARN_ABOUT_RETURN_TYPE = YES_ERROR;
				GCC_WARN_UNDECLARED_SELECTOR = YES;
				GCC_WARN_UNINITIALIZED_AUTOS = YES_AGGRESSIVE;
				GCC_WARN_UNUSED_FUNCTION = YES;
				GCC_WARN_UNUSED_VARIABLE = YES;
				IPHONEOS_DEPLOYMENT_TARGET = 12.2;
				MTL_ENABLE_DEBUG_INFO = NO;
				MTL_FAST_MATH = YES;
				SDKROOT = iphoneos;
				SWIFT_COMPILATION_MODE = wholemodule;
				SWIFT_OPTIMIZATION_LEVEL = "-O";
				VALIDATE_PRODUCT = YES;
			};
			name = Release;
		};
		FDCE955D2298D48100A82CFB /* Debug */ = {
			isa = XCBuildConfiguration;
			baseConfigurationReference = 1320228CC27D5F05E6C0856F /* Pods-doglist.debug.xcconfig */;
			buildSettings = {
				ASSETCATALOG_COMPILER_APPICON_NAME = AppIcon;
				CODE_SIGN_STYLE = Automatic;
				DEVELOPMENT_TEAM = LMS2232J28;
				HOST = "api-iddog.idwall.co";
				INFOPLIST_FILE = "$(SRCROOT)/doglist/SupportingFiles/Info.plist";
				IPHONEOS_DEPLOYMENT_TARGET = 9.0;
				LD_RUNPATH_SEARCH_PATHS = (
					"$(inherited)",
					"@executable_path/Frameworks",
				);
				PRODUCT_BUNDLE_IDENTIFIER = callidus.doglist;
				PRODUCT_NAME = "$(TARGET_NAME)";
				SCHEME = https;
				SWIFT_VERSION = 5.0;
				TARGETED_DEVICE_FAMILY = 1;
			};
			name = Debug;
		};
		FDCE955E2298D48100A82CFB /* Release */ = {
			isa = XCBuildConfiguration;
			baseConfigurationReference = FA407A290790BCB5BA066759 /* Pods-doglist.release.xcconfig */;
			buildSettings = {
				ASSETCATALOG_COMPILER_APPICON_NAME = AppIcon;
				CODE_SIGN_STYLE = Automatic;
				DEVELOPMENT_TEAM = LMS2232J28;
				HOST = "api-iddog.idwall.co";
				INFOPLIST_FILE = "$(SRCROOT)/doglist/SupportingFiles/Info.plist";
				IPHONEOS_DEPLOYMENT_TARGET = 9.0;
				LD_RUNPATH_SEARCH_PATHS = (
					"$(inherited)",
					"@executable_path/Frameworks",
				);
				PRODUCT_BUNDLE_IDENTIFIER = callidus.doglist;
				PRODUCT_NAME = "$(TARGET_NAME)";
				SCHEME = https;
				SWIFT_VERSION = 5.0;
				TARGETED_DEVICE_FAMILY = 1;
			};
			name = Release;
		};
		FDCE95602298D48100A82CFB /* Debug */ = {
			isa = XCBuildConfiguration;
			baseConfigurationReference = 5FF76896EF2C482198F0F5EC /* Pods-doglistTests.debug.xcconfig */;
			buildSettings = {
				ALWAYS_EMBED_SWIFT_STANDARD_LIBRARIES = YES;
				BUNDLE_LOADER = "$(TEST_HOST)";
				CODE_SIGN_STYLE = Automatic;
				DEVELOPMENT_TEAM = LMS2232J28;
				INFOPLIST_FILE = doglistTests/Info.plist;
				LD_RUNPATH_SEARCH_PATHS = (
					"$(inherited)",
					"@executable_path/Frameworks",
					"@loader_path/Frameworks",
				);
				PRODUCT_BUNDLE_IDENTIFIER = callidus.doglistTests;
				PRODUCT_NAME = "$(TARGET_NAME)";
				SWIFT_VERSION = 5.0;
				TARGETED_DEVICE_FAMILY = "1,2";
				TEST_HOST = "$(BUILT_PRODUCTS_DIR)/doglist.app/doglist";
			};
			name = Debug;
		};
		FDCE95612298D48100A82CFB /* Release */ = {
			isa = XCBuildConfiguration;
			baseConfigurationReference = 0455B68F0958E36BE480B3FD /* Pods-doglistTests.release.xcconfig */;
			buildSettings = {
				ALWAYS_EMBED_SWIFT_STANDARD_LIBRARIES = YES;
				BUNDLE_LOADER = "$(TEST_HOST)";
				CODE_SIGN_STYLE = Automatic;
				DEVELOPMENT_TEAM = LMS2232J28;
				INFOPLIST_FILE = doglistTests/Info.plist;
				LD_RUNPATH_SEARCH_PATHS = (
					"$(inherited)",
					"@executable_path/Frameworks",
					"@loader_path/Frameworks",
				);
				PRODUCT_BUNDLE_IDENTIFIER = callidus.doglistTests;
				PRODUCT_NAME = "$(TARGET_NAME)";
				SWIFT_VERSION = 5.0;
				TARGETED_DEVICE_FAMILY = "1,2";
				TEST_HOST = "$(BUILT_PRODUCTS_DIR)/doglist.app/doglist";
			};
			name = Release;
		};
/* End XCBuildConfiguration section */

/* Begin XCConfigurationList section */
		FDCE953A2298D47F00A82CFB /* Build configuration list for PBXProject "doglist" */ = {
			isa = XCConfigurationList;
			buildConfigurations = (
				FDCE955A2298D48100A82CFB /* Debug */,
				FDCE955B2298D48100A82CFB /* Release */,
			);
			defaultConfigurationIsVisible = 0;
			defaultConfigurationName = Release;
		};
		FDCE955C2298D48100A82CFB /* Build configuration list for PBXNativeTarget "doglist" */ = {
			isa = XCConfigurationList;
			buildConfigurations = (
				FDCE955D2298D48100A82CFB /* Debug */,
				FDCE955E2298D48100A82CFB /* Release */,
			);
			defaultConfigurationIsVisible = 0;
			defaultConfigurationName = Release;
		};
		FDCE955F2298D48100A82CFB /* Build configuration list for PBXNativeTarget "doglistTests" */ = {
			isa = XCConfigurationList;
			buildConfigurations = (
				FDCE95602298D48100A82CFB /* Debug */,
				FDCE95612298D48100A82CFB /* Release */,
			);
			defaultConfigurationIsVisible = 0;
			defaultConfigurationName = Release;
		};
/* End XCConfigurationList section */
	};
	rootObject = FDCE95372298D47F00A82CFB /* Project object */;
}
